<?xml version="1.0" encoding="UTF-8"?>
<Scheme
   version = "1.3">
   <BuildAction>
      <BuildActionEntries>
         <BuildActionEntry
            buildForRunning = "YES">
            <BuildableReference
               BuildableIdentifier = "primary"
               BlueprintIdentifier = "7881BF642989CFA4002C6D56"
               BuildableName = "vanjacloudmac.app"
               BlueprintName = "vanjacloudmac"
               ReferencedContainer = "container:vanjacloudmac.xcodeproj">
            </BuildableReference>
         </BuildActionEntry>
      </BuildActionEntries>
   </BuildAction>
   <LaunchAction
      useCustomWorkingDirectory = "NO"
      buildConfiguration = "Debug"
      allowLocationSimulation = "YES">
      <BuildableProductRunnable>
         <BuildableReference
            BuildableIdentifier = "primary"
            BlueprintIdentifier = "7881BF642989CFA4002C6D56"
            BuildableName = "vanjacloudmac.app"
            BlueprintName = "vanjacloudmac"
            ReferencedContainer = "container:vanjacloudmac.xcodeproj">
         </BuildableReference>
      </BuildableProductRunnable>
   </LaunchAction>
</Scheme>
